github.com/beevik/etree v1.5.0 h1:iaQZFSDS+3kYZiGoc9uKeOkUY3nYMXOKLl6KIJxiJWs=
github.com/beevik/etree v1.5.0/go.mod h1:gPNJNaBGVZ9AwsidazFZyygnd+0pAU38N4D+WemwKNs=
github.com/jonboulle/clockwork v0.5.0 h1:Hyh9A8u51kptdkR+cqRpT1EebBwTn1oK9YfGYbdFz6I=
github.com/jonboulle/clockwork v0.5.0/go.mod h1:3mZlmanh0g2NDKO5TWZVJAfofYk64M7XN3SzBPjZF60=
github.com/miekg/pkcs11 v1.1.1 h1:Ugu9pdy6vAYku5DEpVWVFPYnzV+bxB+iRdbuFSu7TvU=
github.com/miekg/pkcs11 v1.1.1/go.mod h1:XsNlhZGX73bx86s2hdc/FuaLm2CPZJemRLMA+WTFxgs=
github.com/moov-io/signedxml v1.2.3 h1:fhLtfedmmzcckoWAklzhF28GuZC8oBSkYPL1mILCTZs=
github.com/moov-io/signedxml v1.2.3/go.mod h1:/sf5ASVGDwuCaamoyFSnZhHOSeXD70djcwxRTNEiz6Q=
github.com/russellhaering/goxmldsig v1.5.0 h1:AU2UkkYIUOTyZRbe08XMThaOCelArgvNfYapcmSjBNw=
github.com/russellhaering/goxmldsig v1.5.0/go.mod h1:x98CjQNFJcWfMxeOrMnMKg70lvDP6tE0nTaeUnjXDmk=
golang.org/x/crypto v0.46.0 h1:cKRW/pmt1pKAfetfu+RCEvjvZkA9RimPbh7bhFjGVBU=
golang.org/x/crypto v0.46.0/go.mod h1:Evb/oLKmMraqjZ2iQTwDwvCtJkczlDuTmdJXoZVzqU0=
golang.org/x/sys v0.39.0 h1:CvCKL8MeisomCi6qNZ+wbb0DN9E5AATixKsvNtMoMFk=
golang.org/x/sys v0.39.0/go.mod h1:OgkHotnGiDImocRcuBABYBEXf8A9a87e/uXjp9XT3ks=
golang.org/x/text v0.32.0 h1:ZD01bjUt1FQ9WJ0ClOL5vxgxOI/sVCNgX1YtKwcY0mU=
golang.org/x/text v0.32.0/go.mod h1:o/rUWzghvpD5TXrTIBuJU77MTaN0ljMWE47kxGJQ7jY=
gopkg.in/check.v1 v0.0.0-20161208181325-20d25e280405 h1:yhCVgyC4o1eVCa2tZl7eS0r+SDo693bJlVdllGtEeKM=
gopkg.in/check.v1 v0.0.0-20161208181325-20d25e280405/go.mod h1:Co6ibVJAznAaIkqp8huTwlJQCZ016jof/cbN4VW5Yz0=
gopkg.in/yaml.v3 v3.0.1 h1:fxVm/GzAzEWqLHuvctI91KS9hhNmmWOoWu0XTYJS7CA=
gopkg.in/yaml.v3 v3.0.1/go.mod h1:K4uyk7z7BCEPqu6E+C64Yfv1cQ7kz7rIZviUmN+EgEM=
software.sslmate.com/src/go-pkcs12 v0.7.0 h1:Db8W44cB54TWD7stUFFSWxdfpdn6fZVcDl0w3R4RVM0=
software.sslmate.com/src/go-pkcs12 v0.7.0/go.mod h1:Qiz0EyvDRJjjxGyUQa2cCNZn/wMyzrRJ/qcDXOQazLI=
